// !$*UTF8*$!
{
	archiveVersion = 1;
	classes = {
	};
	objectVersion = 56;
	objects = {

/* Begin PBXBuildFile section */
		87F2818C297EBA8D008FA43B /* AppDelegate.swift in Sources */ = {isa = PBXBuildFile; fileRef = 87F2818B297EBA8D008FA43B /* AppDelegate.swift */; };
		87F2818E297EBA8D008FA43B /* SceneDelegate.swift in Sources */ = {isa = PBXBuildFile; fileRef = 87F2818D297EBA8D008FA43B /* SceneDelegate.swift */; };
		87F28190297EBA8D008FA43B /* ViewController.swift in Sources */ = {isa = PBXBuildFile; fileRef = 87F2818F297EBA8D008FA43B /* ViewController.swift */; };
		87F28193297EBA8D008FA43B /* Main.storyboard in Resources */ = {isa = PBXBuildFile; fileRef = 87F28191297EBA8D008FA43B /* Main.storyboard */; };
		87F28195297EBA8E008FA43B /* Assets.xcassets in Resources */ = {isa = PBXBuildFile; fileRef = 87F28194297EBA8E008FA43B /* Assets.xcassets */; };
		87F28198297EBA8E008FA43B /* LaunchScreen.storyboard in Resources */ = {isa = PBXBuildFile; fileRef = 87F28196297EBA8E008FA43B /* LaunchScreen.storyboard */; };
		87F281A7297EBB01008FA43B /* G.wav in Resources */ = {isa = PBXBuildFile; fileRef = 87F281A0297EBB01008FA43B /* G.wav */; };
		87F281A8297EBB01008FA43B /* B.wav in Resources */ = {isa = PBXBuildFile; fileRef = 87F281A1297EBB01008FA43B /* B.wav */; };
		87F281A9297EBB01008FA43B /* E.wav in Resources */ = {isa = PBXBuildFile; fileRef = 87F281A2297EBB01008FA43B /* E.wav */; };
		87F281AA297EBB01008FA43B /* A.wav in Resources */ = {isa = PBXBuildFile; fileRef = 87F281A3297EBB01008FA43B /* A.wav */; };
		87F281AB297EBB01008FA43B /* F.wav in Resources */ = {isa = PBXBuildFile; fileRef = 87F281A4297EBB01008FA43B /* F.wav */; };
		87F281AC297EBB01008FA43B /* C.wav in Resources */ = {isa = PBXBuildFile; fileRef = 87F281A5297EBB01008FA43B /* C.wav */; };
		87F281AD297EBB01008FA43B /* D.wav in Resources */ = {isa = PBXBuildFile; fileRef = 87F281A6297EBB01008FA43B /* D.wav */; };
/* End PBXBuildFile section */

/* Begin PBXFileReference section */
		87F28188297EBA8D008FA43B /* Xylophone_programmatically.app */ = {isa = PBXFileReference; explicitFileType = wrapper.application; includeInIndex = 0; path = Xylophone_programmatically.app; sourceTree = BUILT_PRODUCTS_DIR; };
		87F2818B297EBA8D008FA43B /* AppDelegate.swift */ = {isa = PBXFileReference; lastKnownFileType = sourcecode.swift; path = AppDelegate.swift; sourceTree = "<group>"; };
		87F2818D297EBA8D008FA43B /* SceneDelegate.swift */ = {isa = PBXFileReference; lastKnownFileType = sourcecode.swift; path = SceneDelegate.swift; sourceTree = "<group>"; };
		87F2818F297EBA8D008FA43B /* ViewController.swift */ = {isa = PBXFileReference; lastKnownFileType = sourcecode.swift; path = ViewController.swift; sourceTree = "<group>"; };
		87F28192297EBA8D008FA43B /* Base */ = {isa = PBXFileReference; lastKnownFileType = file.storyboard; name = Base; path = Base.lproj/Main.storyboard; sourceTree = "<group>"; };
		87F28194297EBA8E008FA43B /* Assets.xcassets */ = {isa = PBXFileReference; lastKnownFileType = folder.assetcatalog; path = Assets.xcassets; sourceTree = "<group>"; };
		87F28197297EBA8E008FA43B /* Base */ = {isa = PBXFileReference; lastKnownFileType = file.storyboard; name = Base; path = Base.lproj/LaunchScreen.storyboard; sourceTree = "<group>"; };
		87F28199297EBA8E008FA43B /* Info.plist */ = {isa = PBXFileReference; lastKnownFileType = text.plist.xml; path = Info.plist; sourceTree = "<group>"; };
		87F281A0297EBB01008FA43B /* G.wav */ = {isa = PBXFileReference; lastKnownFileType = audio.wav; name = G.wav; path = ../../../Xylophone/Xylophone/Sounds/G.wav; sourceTree = "<group>"; };
		87F281A1297EBB01008FA43B /* B.wav */ = {isa = PBXFileReference; lastKnownFileType = audio.wav; name = B.wav; path = ../../../Xylophone/Xylophone/Sounds/B.wav; sourceTree = "<group>"; };
		87F281A2297EBB01008FA43B /* E.wav */ = {isa = PBXFileReference; lastKnownFileType = audio.wav; name = E.wav; path = ../../../Xylophone/Xylophone/Sounds/E.wav; sourceTree = "<group>"; };
		87F281A3297EBB01008FA43B /* A.wav */ = {isa = PBXFileReference; lastKnownFileType = audio.wav; name = A.wav; path = ../../../Xylophone/Xylophone/Sounds/A.wav; sourceTree = "<group>"; };
		87F281A4297EBB01008FA43B /* F.wav */ = {isa = PBXFileReference; lastKnownFileType = audio.wav; name = F.wav; path = ../../../Xylophone/Xylophone/Sounds/F.wav; sourceTree = "<group>"; };
		87F281A5297EBB01008FA43B /* C.wav */ = {isa = PBXFileReference; lastKnownFileType = audio.wav; name = C.wav; path = ../../../Xylophone/Xylophone/Sounds/C.wav; sourceTree = "<group>"; };
		87F281A6297EBB01008FA43B /* D.wav */ = {isa = PBXFileReference; lastKnownFileType = audio.wav; name = D.wav; path = ../../../Xylophone/Xylophone/Sounds/D.wav; sourceTree = "<group>"; };
/* End PBXFileReference section */

/* Begin PBXFrameworksBuildPhase section */
		87F28185297EBA8D008FA43B /* Frameworks */ = {
			isa = PBXFrameworksBuildPhase;
			buildActionMask = 2147483647;
			files = (
			);
			runOnlyForDeploymentPostprocessing = 0;
		};
/* End PBXFrameworksBuildPhase section */

/* Begin PBXGroup section */
		87F2817F297EBA8D008FA43B = {
			isa = PBXGroup;
			children = (
				87F2818A297EBA8D008FA43B /* Xylophone_programmatically */,
				87F28189297EBA8D008FA43B /* Products */,
			);
			sourceTree = "<group>";
		};
		87F28189297EBA8D008FA43B /* Products */ = {
			isa = PBXGroup;
			children = (
				87F28188297EBA8D008FA43B /* Xylophone_programmatically.app */,
			);
			name = Products;
			sourceTree = "<group>";
		};
		87F2818A297EBA8D008FA43B /* Xylophone_programmatically */ = {
			isa = PBXGroup;
			children = (
				87F2818B297EBA8D008FA43B /* AppDelegate.swift */,
				87F2818D297EBA8D008FA43B /* SceneDelegate.swift */,
				87F2818F297EBA8D008FA43B /* ViewController.swift */,
				87F28191297EBA8D008FA43B /* Main.storyboard */,
				87F28194297EBA8E008FA43B /* Assets.xcassets */,
				87F28196297EBA8E008FA43B /* LaunchScreen.storyboard */,
				87F28199297EBA8E008FA43B /* Info.plist */,
				87F2819F297EBAD1008FA43B /* Sounds */,
			);
			path = Xylophone_programmatically;
			sourceTree = "<group>";
		};
		87F2819F297EBAD1008FA43B /* Sounds */ = {
			isa = PBXGroup;
			children = (
				87F281A3297EBB01008FA43B /* A.wav */,
				87F281A1297EBB01008FA43B /* B.wav */,
				87F281A5297EBB01008FA43B /* C.wav */,
				87F281A6297EBB01008FA43B /* D.wav */,
				87F281A2297EBB01008FA43B /* E.wav */,
				87F281A4297EBB01008FA43B /* F.wav */,
				87F281A0297EBB01008FA43B /* G.wav */,
			);
			path = Sounds;
			sourceTree = "<group>";
		};
/* End PBXGroup section */

/* Begin PBXNativeTarget section */
		87F28187297EBA8D008FA43B /* Xylophone_programmatically */ = {
			isa = PBXNativeTarget;
			buildConfigurationList = 87F2819C297EBA8E008FA43B /* Build configuration list for PBXNativeTarget "Xylophone_programmatically" */;
			buildPhases = (
				87F28184297EBA8D008FA43B /* Sources */,
				87F28185297EBA8D008FA43B /* Frameworks */,
				87F28186297EBA8D008FA43B /* Resources */,
			);
			buildRules = (
			);
			dependencies = (
			);
			name = Xylophone_programmatically;
			productName = Xylophone_programmatically;
			productReference = 87F28188297EBA8D008FA43B /* Xylophone_programmatically.app */;
			productType = "com.apple.product-type.application";
		};
/* End PBXNativeTarget section */

/* Begin PBXProject section */
		87F28180297EBA8D008FA43B /* Project object */ = {
			isa = PBXProject;
			attributes = {
				BuildIndependentTargetsInParallel = 1;
				LastSwiftUpdateCheck = 1420;
				LastUpgradeCheck = 1420;
				TargetAttributes = {
					87F28187297EBA8D008FA43B = {
						CreatedOnToolsVersion = 14.2;
					};
				};
			};
			buildConfigurationList = 87F28183297EBA8D008FA43B /* Build configuration list for PBXProject "Xylophone_programmatically" */;
			compatibilityVersion = "Xcode 14.0";
			developmentRegion = en;
			hasScannedForEncodings = 0;
			knownRegions = (
				en,
				Base,
			);
			mainGroup = 87F2817F297EBA8D008FA43B;
			productRefGroup = 87F28189297EBA8D008FA43B /* Products */;
			projectDirPath = "";
			projectRoot = "";
			targets = (
				87F28187297EBA8D008FA43B /* Xylophone_programmatically */,
			);
		};
/* End PBXProject section */

/* Begin PBXResourcesBuildPhase section */
		87F28186297EBA8D008FA43B /* Resources */ = {
			isa = PBXResourcesBuildPhase;
			buildActionMask = 2147483647;
			files = (
				87F281AA297EBB01008FA43B /* A.wav in Resources */,
				87F281A9297EBB01008FA43B /* E.wav in Resources */,
				87F281A7297EBB01008FA43B /* G.wav in Resources */,
				87F281AC297EBB01008FA43B /* C.wav in Resources */,
				87F281A8297EBB01008FA43B /* B.wav in Resources */,
				87F28198297EBA8E008FA43B /* LaunchScreen.storyboard in Resources */,
				87F28195297EBA8E008FA43B /* Assets.xcassets in Resources */,
				87F281AD297EBB01008FA43B /* D.wav in Resources */,
				87F28193297EBA8D008FA43B /* Main.storyboard in Resources */,
				87F281AB297EBB01008FA43B /* F.wav in Resources */,
			);
			runOnlyForDeploymentPostprocessing = 0;
		};
/* End PBXResourcesBuildPhase section */

/* Begin PBXSourcesBuildPhase section */
		87F28184297EBA8D008FA43B /* Sources */ = {
			isa = PBXSourcesBuildPhase;
			buildActionMask = 2147483647;
			files = (
				87F28190297EBA8D008FA43B /* ViewController.swift in Sources */,
				87F2818C297EBA8D008FA43B /* AppDelegate.swift in Sources */,
				87F2818E297EBA8D008FA43B /* SceneDelegate.swift in Sources */,
			);
			runOnlyForDeploymentPostprocessing = 0;
		};
/* End PBXSourcesBuildPhase section */

/* Begin PBXVariantGroup section */
		87F28191297EBA8D008FA43B /* Main.storyboard */ = {
			isa = PBXVariantGroup;
			children = (
				87F28192297EBA8D008FA43B /* Base */,
			);
			name = Main.storyboard;
			sourceTree = "<group>";
		};
		87F28196297EBA8E008FA43B /* LaunchScreen.storyboard */ = {
			isa = PBXVariantGroup;
			children = (
				87F28197297EBA8E008FA43B /* Base */,
			);
			name = LaunchScreen.storyboard;
			sourceTree = "<group>";
		};
/* End PBXVariantGroup section */

/* Begin XCBuildConfiguration section */
		87F2819A297EBA8E008FA43B /* Debug */ = {
			isa = XCBuildConfiguration;
			buildSettings = {
				ALWAYS_SEARCH_USER_PATHS = NO;
				CLANG_ANALYZER_NONNULL = YES;
				CLANG_ANALYZER_NUMBER_OBJECT_CONVERSION = YES_AGGRESSIVE;
				CLANG_CXX_LANGUAGE_STANDARD = "gnu++20";
				CLANG_ENABLE_MODULES = YES;
				CLANG_ENABLE_OBJC_ARC = YES;
				CLANG_ENABLE_OBJC_WEAK = YES;
				CLANG_WARN_BLOCK_CAPTURE_AUTORELEASING = YES;
				CLANG_WARN_BOOL_CONVERSION = YES;
				CLANG_WARN_COMMA = YES;
				CLANG_WARN_CONSTANT_CONVERSION = YES;
				CLANG_WARN_DEPRECATED_OBJC_IMPLEMENTATIONS = YES;
				CLANG_WARN_DIRECT_OBJC_ISA_USAGE = YES_ERROR;
				CLANG_WARN_DOCUMENTATION_COMMENTS = YES;
				CLANG_WARN_EMPTY_BODY = YES;
				CLANG_WARN_ENUM_CONVERSION = YES;
				CLANG_WARN_INFINITE_RECURSION = YES;
				CLANG_WARN_INT_CONVERSION = YES;
				CLANG_WARN_NON_LITERAL_NULL_CONVERSION = YES;
				CLANG_WARN_OBJC_IMPLICIT_RETAIN_SELF = YES;
				CLANG_WARN_OBJC_LITERAL_CONVERSION = YES;
				CLANG_WARN_OBJC_ROOT_CLASS = YES_ERROR;
				CLANG_WARN_QUOTED_INCLUDE_IN_FRAMEWORK_HEADER = YES;
				CLANG_WARN_RANGE_LOOP_ANALYSIS = YES;
				CLANG_WARN_STRICT_PROTOTYPES = YES;
				CLANG_WARN_SUSPICIOUS_MOVE = YES;
				CLANG_WARN_UNGUARDED_AVAILABILITY = YES_AGGRESSIVE;
				CLANG_WARN_UNREACHABLE_CODE = YES;
				CLANG_WARN__DUPLICATE_METHOD_MATCH = YES;
				COPY_PHASE_STRIP = NO;
				DEBUG_INFORMATION_FORMAT = dwarf;
				ENABLE_STRICT_OBJC_MSGSEND = YES;
				ENABLE_TESTABILITY = YES;
				GCC_C_LANGUAGE_STANDARD = gnu11;
				GCC_DYNAMIC_NO_PIC = NO;
				GCC_NO_COMMON_BLOCKS = YES;
				GCC_OPTIMIZATION_LEVEL = 0;
				GCC_PREPROCESSOR_DEFINITIONS = (
					"DEBUG=1",
					"$(inherited)",
				);
				GCC_WARN_64_TO_32_BIT_CONVERSION = YES;
				GCC_WARN_ABOUT_RETURN_TYPE = YES_ERROR;
				GCC_WARN_UNDECLARED_SELECTOR = YES;
				GCC_WARN_UNINITIALIZED_AUTOS = YES_AGGRESSIVE;
				GCC_WARN_UNUSED_FUNCTION = YES;
				GCC_WARN_UNUSED_VARIABLE = YES;
				IPHONEOS_DEPLOYMENT_TARGET = 16.2;
				MTL_ENABLE_DEBUG_INFO = INCLUDE_SOURCE;
				MTL_FAST_MATH = YES;
				ONLY_ACTIVE_ARCH = YES;
				SDKROOT = iphoneos;
				SWIFT_ACTIVE_COMPILATION_CONDITIONS = DEBUG;
				SWIFT_OPTIMIZATION_LEVEL = "-Onone";
			};
			name = Debug;
		};
		87F2819B297EBA8E008FA43B /* Release */ = {
			isa = XCBuildConfiguration;
			buildSettings = {
				ALWAYS_SEARCH_USER_PATHS = NO;
				CLANG_ANALYZER_NONNULL = YES;
				CLANG_ANALYZER_NUMBER_OBJECT_CONVERSION = YES_AGGRESSIVE;
				CLANG_CXX_LANGUAGE_STANDARD = "gnu++20";
				CLANG_ENABLE_MODULES = YES;
				CLANG_ENABLE_OBJC_ARC = YES;
				CLANG_ENABLE_OBJC_WEAK = YES;
				CLANG_WARN_BLOCK_CAPTURE_AUTORELEASING = YES;
				CLANG_WARN_BOOL_CONVERSION = YES;
				CLANG_WARN_COMMA = YES;
				CLANG_WARN_CONSTANT_CONVERSION = YES;
				CLANG_WARN_DEPRECATED_OBJC_IMPLEMENTATIONS = YES;
				CLANG_WARN_DIRECT_OBJC_ISA_USAGE = YES_ERROR;
				CLANG_WARN_DOCUMENTATION_COMMENTS = YES;
				CLANG_WARN_EMPTY_BODY = YES;
				CLANG_WARN_ENUM_CONVERSION = YES;
				CLANG_WARN_INFINITE_RECURSION = YES;
				CLANG_WARN_INT_CONVERSION = YES;
				CLANG_WARN_NON_LITERAL_NULL_CONVERSION = YES;
				CLANG_WARN_OBJC_IMPLICIT_RETAIN_SELF = YES;
				CLANG_WARN_OBJC_LITERAL_CONVERSION = YES;
				CLANG_WARN_OBJC_ROOT_CLASS = YES_ERROR;
				CLANG_WARN_QUOTED_INCLUDE_IN_FRAMEWORK_HEADER = YES;
				CLANG_WARN_RANGE_LOOP_ANALYSIS = YES;
				CLANG_WARN_STRICT_PROTOTYPES = YES;
				CLANG_WARN_SUSPICIOUS_MOVE = YES;
				CLANG_WARN_UNGUARDED_AVAILABILITY = YES_AGGRESSIVE;
				CLANG_WARN_UNREACHABLE_CODE = YES;
				CLANG_WARN__DUPLICATE_METHOD_MATCH = YES;
				COPY_PHASE_STRIP = NO;
				DEBUG_INFORMATION_FORMAT = "dwarf-with-dsym";
				ENABLE_NS_ASSERTIONS = NO;
				ENABLE_STRICT_OBJC_MSGSEND = YES;
				GCC_C_LANGUAGE_STANDARD = gnu11;
				GCC_NO_COMMON_BLOCKS = YES;
				GCC_WARN_64_TO_32_BIT_CONVERSION = YES;
				GCC_WARN_ABOUT_RETURN_TYPE = YES_ERROR;
				GCC_WARN_UNDECLARED_SELECTOR = YES;
				GCC_WARN_UNINITIALIZED_AUTOS = YES_AGGRESSIVE;
				GCC_WARN_UNUSED_FUNCTION = YES;
				GCC_WARN_UNUSED_VARIABLE = YES;
				IPHONEOS_DEPLOYMENT_TARGET = 16.2;
				MTL_ENABLE_DEBUG_INFO = NO;
				MTL_FAST_MATH = YES;
				SDKROOT = iphoneos;
				SWIFT_COMPILATION_MODE = wholemodule;
				SWIFT_OPTIMIZATION_LEVEL = "-O";
				VALIDATE_PRODUCT = YES;
			};
			name = Release;
		};
		87F2819D297EBA8E008FA43B /* Debug */ = {
			isa = XCBuildConfiguration;
			buildSettings = {
				ASSETCATALOG_COMPILER_APPICON_NAME = AppIcon;
				ASSETCATALOG_COMPILER_GLOBAL_ACCENT_COLOR_NAME = AccentColor;
				CODE_SIGN_STYLE = Automatic;
				CURRENT_PROJECT_VERSION = 1;
				GENERATE_INFOPLIST_FILE = YES;
				INFOPLIST_FILE = Xylophone_programmatically/Info.plist;
				INFOPLIST_KEY_UIApplicationSupportsIndirectInputEvents = YES;
				INFOPLIST_KEY_UILaunchStoryboardName = LaunchScreen;
				INFOPLIST_KEY_UIMainStoryboardFile = Main;
				INFOPLIST_KEY_UISupportedInterfaceOrientations_iPad = "UIInterfaceOrientationPortrait UIInterfaceOrientationPortraitUpsideDown UIInterfaceOrientationLandscapeLeft UIInterfaceOrientationLandscapeRight";
				INFOPLIST_KEY_UISupportedInterfaceOrientations_iPhone = "UIInterfaceOrientationPortrait UIInterfaceOrientationLandscapeLeft UIInterfaceOrientationLandscapeRight";
				LD_RUNPATH_SEARCH_PATHS = (
					"$(inherited)",
					"@executable_path/Frameworks",
				);
				MARKETING_VERSION = 1.0;
				PRODUCT_BUNDLE_IDENTIFIER = "com.ojidaemo.Xylophone-programmatically";
				PRODUCT_NAME = "$(TARGET_NAME)";
				SWIFT_EMIT_LOC_STRINGS = YES;
				SWIFT_VERSION = 5.0;
				TARGETED_DEVICE_FAMILY = "1,2";
			};
			name = Debug;
		};
		87F2819E297EBA8E008FA43B /* Release */ = {
			isa = XCBuildConfiguration;
			buildSettings = {
				ASSETCATALOG_COMPILER_APPICON_NAME = AppIcon;
				ASSETCATALOG_COMPILER_GLOBAL_ACCENT_COLOR_NAME = AccentColor;
				CODE_SIGN_STYLE = Automatic;
				CURRENT_PROJECT_VERSION = 1;
				GENERATE_INFOPLIST_FILE = YES;
				INFOPLIST_FILE = Xylophone_programmatically/Info.plist;
				INFOPLIST_KEY_UIApplicationSupportsIndirectInputEvents = YES;
				INFOPLIST_KEY_UILaunchStoryboardName = LaunchScreen;
				INFOPLIST_KEY_UIMainStoryboardFile = Main;
				INFOPLIST_KEY_UISupportedInterfaceOrientations_iPad = "UIInterfaceOrientationPortrait UIInterfaceOrientationPortraitUpsideDown UIInterfaceOrientationLandscapeLeft UIInterfaceOrientationLandscapeRight";
				INFOPLIST_KEY_UISupportedInterfaceOrientations_iPhone = "UIInterfaceOrientationPortrait UIInterfaceOrientationLandscapeLeft UIInterfaceOrientationLandscapeRight";
				LD_RUNPATH_SEARCH_PATHS = (
					"$(inherited)",
					"@executable_path/Frameworks",
				);
				MARKETING_VERSION = 1.0;
				PRODUCT_BUNDLE_IDENTIFIER = "com.ojidaemo.Xylophone-programmatically";
				PRODUCT_NAME = "$(TARGET_NAME)";
				SWIFT_EMIT_LOC_STRINGS = YES;
				SWIFT_VERSION = 5.0;
				TARGETED_DEVICE_FAMILY = "1,2";
			};
			name = Release;
		};
/* End XCBuildConfiguration section */

/* Begin XCConfigurationList section */
		87F28183297EBA8D008FA43B /* Build configuration list for PBXProject "Xylophone_programmatically" */ = {
			isa = XCConfigurationList;
			buildConfigurations = (
				87F2819A297EBA8E008FA43B /* Debug */,
				87F2819B297EBA8E008FA43B /* Release */,
			);
			defaultConfigurationIsVisible = 0;
			defaultConfigurationName = Release;
		};
		87F2819C297EBA8E008FA43B /* Build configuration list for PBXNativeTarget "Xylophone_programmatically" */ = {
			isa = XCConfigurationList;
			buildConfigurations = (
				87F2819D297EBA8E008FA43B /* Debug */,
				87F2819E297EBA8E008FA43B /* Release */,
			);
			defaultConfigurationIsVisible = 0;
			defaultConfigurationName = Release;
		};
/* End XCConfigurationList section */
	};
	rootObject = 87F28180297EBA8D008FA43B /* Project object */;
}
